
Microsoft Visual Studio Solution File, Format Version 12.00
Project("{FAE04EC0-301F-11D3-BF4B-00C04F79EFBC}") = "Momentum", "Momentum\Momentum.csproj", "{B656CD66-6823-4968-8883-40C8CB33847C}"
EndProject
Global
	GlobalSection(SolutionConfigurationPlatforms) = preSolution
		Debug|Any CPU = Debug|Any CPU
		Release|Any CPU = Release|Any CPU
	EndGlobalSection
	GlobalSection(ProjectConfigurationPlatforms) = postSolution
		{B656CD66-6823-4968-8883-40C8CB33847C}.Debug|Any CPU.ActiveCfg = Debug|Any CPU
		{B656CD66-6823-4968-8883-40C8CB33847C}.Debug|Any CPU.Build.0 = Debug|Any CPU
		{B656CD66-6823-4968-8883-40C8CB33847C}.Release|Any CPU.ActiveCfg = Release|Any CPU
		{B656CD66-6823-4968-8883-40C8CB33847C}.Release|Any CPU.Build.0 = Release|Any CPU
	EndGlobalSection
EndGlobal
